
Microsoft Visual Studio Solution File, Format Version 12.00
# Visual Studio Version 17
VisualStudioVersion = 17.3.32901.215
MinimumVisualStudioVersion = 10.0.40219.1
Project("{FAE04EC0-301F-11D3-BF4B-00C04F79EFBC}") = "CRUD with net6", "CRUD with net6\CRUD with net6.csproj", "{6124363D-49BC-4713-A9D9-1F144B99D180}"
EndProject
Global
	GlobalSection(SolutionConfigurationPlatforms) = preSolution
		Debug|Any CPU = Debug|Any CPU
		Release|Any CPU = Release|Any CPU
	EndGlobalSection
	GlobalSection(ProjectConfigurationPlatforms) = postSolution
		{6124363D-49BC-4713-A9D9-1F144B99D180}.Debug|Any CPU.ActiveCfg = Debug|Any CPU
		{6124363D-49BC-4713-A9D9-1F144B99D180}.Debug|Any CPU.Build.0 = Debug|Any CPU
		{6124363D-49BC-4713-A9D9-1F144B99D180}.Release|Any CPU.ActiveCfg = Release|Any CPU
		{6124363D-49BC-4713-A9D9-1F144B99D180}.Release|Any CPU.Build.0 = Release|Any CPU
	EndGlobalSection
	GlobalSection(SolutionProperties) = preSolution
		HideSolutionNode = FALSE
	EndGlobalSection
	GlobalSection(ExtensibilityGlobals) = postSolution
		SolutionGuid = {82C1F980-7ECC-4D61-9611-27946768831B}
	EndGlobalSection
EndGlobal
